
Microsoft Visual Studio Solution File, Format Version 12.00
Project("{FAE04EC0-301F-11D3-BF4B-00C04F79EFBC}") = "Shared", "Shared\Shared.csproj", "{90EADF62-2906-4EC8-B57D-2B27B8BF28EC}"
EndProject
Project("{FAE04EC0-301F-11D3-BF4B-00C04F79EFBC}") = "WebApi", "WebApi\WebApi.csproj", "{8FD9542B-A72A-4EDC-A9E5-3CBA860E2100}"
EndProject
Global
	GlobalSection(SolutionConfigurationPlatforms) = preSolution
		Debug|Any CPU = Debug|Any CPU
		Release|Any CPU = Release|Any CPU
	EndGlobalSection
	GlobalSection(ProjectConfigurationPlatforms) = postSolution
		{90EADF62-2906-4EC8-B57D-2B27B8BF28EC}.Debug|Any CPU.ActiveCfg = Debug|Any CPU
		{90EADF62-2906-4EC8-B57D-2B27B8BF28EC}.Debug|Any CPU.Build.0 = Debug|Any CPU
		{90EADF62-2906-4EC8-B57D-2B27B8BF28EC}.Release|Any CPU.ActiveCfg = Release|Any CPU
		{90EADF62-2906-4EC8-B57D-2B27B8BF28EC}.Release|Any CPU.Build.0 = Release|Any CPU
		{8FD9542B-A72A-4EDC-A9E5-3CBA860E2100}.Debug|Any CPU.ActiveCfg = Debug|Any CPU
		{8FD9542B-A72A-4EDC-A9E5-3CBA860E2100}.Debug|Any CPU.Build.0 = Debug|Any CPU
		{8FD9542B-A72A-4EDC-A9E5-3CBA860E2100}.Release|Any CPU.ActiveCfg = Release|Any CPU
		{8FD9542B-A72A-4EDC-A9E5-3CBA860E2100}.Release|Any CPU.Build.0 = Release|Any CPU
	EndGlobalSection
EndGlobal
